{
  "pins" : [
    {
      "identity" : "focusentity",
      "kind" : "remoteSourceControl",
      "location" : "https://github.com/maxxfrazer/FocusEntity",
      "state" : {
        "revision" : "d17dbbddd92d9b1661a42868fc51b86a3ad2fcb0",
        "version" : "2.2.5"
      }
    }
  ],
  "version" : 2
}
