// !$*UTF8*$!
{
	archiveVersion = 1;
	classes = {
	};
	objectVersion = 55;
	objects = {

/* Begin PBXBuildFile section */
		41E1A4E9284E8D1700F0A804 /* RealityHDApp.swift in Sources */ = {isa = PBXBuildFile; fileRef = 41E1A4E8284E8D1700F0A804 /* RealityHDApp.swift */; };
		41E1A4EB284E8D1700F0A804 /* ContentView.swift in Sources */ = {isa = PBXBuildFile; fileRef = 41E1A4EA284E8D1700F0A804 /* ContentView.swift */; };
		41E1A4ED284E8D1900F0A804 /* Assets.xcassets in Resources */ = {isa = PBXBuildFile; fileRef = 41E1A4EC284E8D1900F0A804 /* Assets.xcassets */; };
		41E1A4F0284E8D1900F0A804 /* Preview Assets.xcassets in Resources */ = {isa = PBXBuildFile; fileRef = 41E1A4EF284E8D1900F0A804 /* Preview Assets.xcassets */; };
		41E1A501284E917300F0A804 /* PlacementView.swift in Sources */ = {isa = PBXBuildFile; fileRef = 41E1A500284E917300F0A804 /* PlacementView.swift */; };
		41E1A503284E92D600F0A804 /* CustomARView.swift in Sources */ = {isa = PBXBuildFile; fileRef = 41E1A502284E92D600F0A804 /* CustomARView.swift */; };
		41E1A506284E935500F0A804 /* FocusEntity in Frameworks */ = {isa = PBXBuildFile; productRef = 41E1A505284E935500F0A804 /* FocusEntity */; };
		41E1A508284E941200F0A804 /* PlacementSettings.swift in Sources */ = {isa = PBXBuildFile; fileRef = 41E1A507284E941200F0A804 /* PlacementSettings.swift */; };
		41E1A50A284E941D00F0A804 /* SessionSettings.swift in Sources */ = {isa = PBXBuildFile; fileRef = 41E1A509284E941D00F0A804 /* SessionSettings.swift */; };
		41E1A50C284E942C00F0A804 /* ARModel.swift in Sources */ = {isa = PBXBuildFile; fileRef = 41E1A50B284E942C00F0A804 /* ARModel.swift */; };
		41E1A50E284E943300F0A804 /* SettingsModel.swift in Sources */ = {isa = PBXBuildFile; fileRef = 41E1A50D284E943300F0A804 /* SettingsModel.swift */; };
		41E1A510284E997400F0A804 /* ViewExtension.swift in Sources */ = {isa = PBXBuildFile; fileRef = 41E1A50F284E997400F0A804 /* ViewExtension.swift */; };
		41E1A512284E9A0800F0A804 /* ARViewRepresentable.swift in Sources */ = {isa = PBXBuildFile; fileRef = 41E1A511284E9A0800F0A804 /* ARViewRepresentable.swift */; };
		41E1A51F284EF1FC00F0A804 /* toy_car.usdz in Resources */ = {isa = PBXBuildFile; fileRef = 41E1A514284EF1FC00F0A804 /* toy_car.usdz */; };
		41E1A520284EF1FC00F0A804 /* teapot.usdz in Resources */ = {isa = PBXBuildFile; fileRef = 41E1A515284EF1FC00F0A804 /* teapot.usdz */; };
		41E1A521284EF1FC00F0A804 /* toy_biplane.usdz in Resources */ = {isa = PBXBuildFile; fileRef = 41E1A516284EF1FC00F0A804 /* toy_biplane.usdz */; };
		41E1A522284EF1FC00F0A804 /* toy_robot_vintage.usdz in Resources */ = {isa = PBXBuildFile; fileRef = 41E1A517284EF1FC00F0A804 /* toy_robot_vintage.usdz */; };
		41E1A523284EF1FC00F0A804 /* toy_drummer.usdz in Resources */ = {isa = PBXBuildFile; fileRef = 41E1A518284EF1FC00F0A804 /* toy_drummer.usdz */; };
		41E1A524284EF1FC00F0A804 /* tv_retro.usdz in Resources */ = {isa = PBXBuildFile; fileRef = 41E1A519284EF1FC00F0A804 /* tv_retro.usdz */; };
		41E1A525284EF1FC00F0A804 /* wateringcan.usdz in Resources */ = {isa = PBXBuildFile; fileRef = 41E1A51A284EF1FC00F0A804 /* wateringcan.usdz */; };
		41E1A526284EF1FC00F0A804 /* gramophone.usdz in Resources */ = {isa = PBXBuildFile; fileRef = 41E1A51B284EF1FC00F0A804 /* gramophone.usdz */; };
		41E1A527284EF1FC00F0A804 /* fender_stratocaster.usdz in Resources */ = {isa = PBXBuildFile; fileRef = 41E1A51C284EF1FC00F0A804 /* fender_stratocaster.usdz */; };
		41E1A528284EF1FC00F0A804 /* chair_swan.usdz in Resources */ = {isa = PBXBuildFile; fileRef = 41E1A51D284EF1FC00F0A804 /* chair_swan.usdz */; };
		41E1A529284EF1FC00F0A804 /* cup_saucer_set.usdz in Resources */ = {isa = PBXBuildFile; fileRef = 41E1A51E284EF1FC00F0A804 /* cup_saucer_set.usdz */; };
		41E1A52B284EF3F500F0A804 /* SettingsView.swift in Sources */ = {isa = PBXBuildFile; fileRef = 41E1A52A284EF3F500F0A804 /* SettingsView.swift */; };
		41E1A52D284EF40100F0A804 /* SettingsToggleButton.swift in Sources */ = {isa = PBXBuildFile; fileRef = 41E1A52C284EF40100F0A804 /* SettingsToggleButton.swift */; };
		41E1A52F284EF40A00F0A804 /* SettingsGridView.swift in Sources */ = {isa = PBXBuildFile; fileRef = 41E1A52E284EF40A00F0A804 /* SettingsGridView.swift */; };
		41E1A531284EF58C00F0A804 /* BrowseView.swift in Sources */ = {isa = PBXBuildFile; fileRef = 41E1A530284EF58C00F0A804 /* BrowseView.swift */; };
		41E1A533284EF59700F0A804 /* HorizontalGridView.swift in Sources */ = {isa = PBXBuildFile; fileRef = 41E1A532284EF59700F0A804 /* HorizontalGridView.swift */; };
		41E1A535284EF59E00F0A804 /* ItemButtonView.swift in Sources */ = {isa = PBXBuildFile; fileRef = 41E1A534284EF59E00F0A804 /* ItemButtonView.swift */; };
		41E1A537284EF5B700F0A804 /* ModelsGridView.swift in Sources */ = {isa = PBXBuildFile; fileRef = 41E1A536284EF5B700F0A804 /* ModelsGridView.swift */; };
		41E1A539284EF5D000F0A804 /* SeparatorView.swift in Sources */ = {isa = PBXBuildFile; fileRef = 41E1A538284EF5D000F0A804 /* SeparatorView.swift */; };
		41E1A53B284EF5E500F0A804 /* ControlView.swift in Sources */ = {isa = PBXBuildFile; fileRef = 41E1A53A284EF5E500F0A804 /* ControlView.swift */; };
		41E1A53D284EF5F100F0A804 /* ControlVisibilityToggleView.swift in Sources */ = {isa = PBXBuildFile; fileRef = 41E1A53C284EF5F100F0A804 /* ControlVisibilityToggleView.swift */; };
		41E1A53F284EF5FB00F0A804 /* ControlButtonView.swift in Sources */ = {isa = PBXBuildFile; fileRef = 41E1A53E284EF5FB00F0A804 /* ControlButtonView.swift */; };
		41E1A541284EF60100F0A804 /* ControlButtonBar.swift in Sources */ = {isa = PBXBuildFile; fileRef = 41E1A540284EF60100F0A804 /* ControlButtonBar.swift */; };
		41E1A543284EF61900F0A804 /* RecentlyPlacedView.swift in Sources */ = {isa = PBXBuildFile; fileRef = 41E1A542284EF61900F0A804 /* RecentlyPlacedView.swift */; };
		41E1A545284EF62600F0A804 /* RecentsGridView.swift in Sources */ = {isa = PBXBuildFile; fileRef = 41E1A544284EF62600F0A804 /* RecentsGridView.swift */; };
		41E1A54D284F353100F0A804 /* scientific_whiteboard.usdz in Resources */ = {isa = PBXBuildFile; fileRef = 41E1A54C284F353100F0A804 /* scientific_whiteboard.usdz */; };
/* End PBXBuildFile section */

/* Begin PBXFileReference section */
		41E1A4E5284E8D1700F0A804 /* RealityHD.app */ = {isa = PBXFileReference; explicitFileType = wrapper.application; includeInIndex = 0; path = RealityHD.app; sourceTree = BUILT_PRODUCTS_DIR; };
		41E1A4E8284E8D1700F0A804 /* RealityHDApp.swift */ = {isa = PBXFileReference; lastKnownFileType = sourcecode.swift; path = RealityHDApp.swift; sourceTree = "<group>"; };
		41E1A4EA284E8D1700F0A804 /* ContentView.swift */ = {isa = PBXFileReference; lastKnownFileType = sourcecode.swift; path = ContentView.swift; sourceTree = "<group>"; };
		41E1A4EC284E8D1900F0A804 /* Assets.xcassets */ = {isa = PBXFileReference; lastKnownFileType = folder.assetcatalog; path = Assets.xcassets; sourceTree = "<group>"; };
		41E1A4EF284E8D1900F0A804 /* Preview Assets.xcassets */ = {isa = PBXFileReference; lastKnownFileType = folder.assetcatalog; path = "Preview Assets.xcassets"; sourceTree = "<group>"; };
		41E1A500284E917300F0A804 /* PlacementView.swift */ = {isa = PBXFileReference; lastKnownFileType = sourcecode.swift; path = PlacementView.swift; sourceTree = "<group>"; };
		41E1A502284E92D600F0A804 /* CustomARView.swift */ = {isa = PBXFileReference; lastKnownFileType = sourcecode.swift; path = CustomARView.swift; sourceTree = "<group>"; };
		41E1A507284E941200F0A804 /* PlacementSettings.swift */ = {isa = PBXFileReference; lastKnownFileType = sourcecode.swift; path = PlacementSettings.swift; sourceTree = "<group>"; };
		41E1A509284E941D00F0A804 /* SessionSettings.swift */ = {isa = PBXFileReference; lastKnownFileType = sourcecode.swift; path = SessionSettings.swift; sourceTree = "<group>"; };
		41E1A50B284E942C00F0A804 /* ARModel.swift */ = {isa = PBXFileReference; lastKnownFileType = sourcecode.swift; path = ARModel.swift; sourceTree = "<group>"; };
		41E1A50D284E943300F0A804 /* SettingsModel.swift */ = {isa = PBXFileReference; lastKnownFileType = sourcecode.swift; path = SettingsModel.swift; sourceTree = "<group>"; };
		41E1A50F284E997400F0A804 /* ViewExtension.swift */ = {isa = PBXFileReference; lastKnownFileType = sourcecode.swift; path = ViewExtension.swift; sourceTree = "<group>"; };
		41E1A511284E9A0800F0A804 /* ARViewRepresentable.swift */ = {isa = PBXFileReference; lastKnownFileType = sourcecode.swift; path = ARViewRepresentable.swift; sourceTree = "<group>"; };
		41E1A514284EF1FC00F0A804 /* toy_car.usdz */ = {isa = PBXFileReference; lastKnownFileType = file.usdz; name = toy_car.usdz; path = "../../../../../Image Resources/ARKit/toy_car.usdz"; sourceTree = "<group>"; };
		41E1A515284EF1FC00F0A804 /* teapot.usdz */ = {isa = PBXFileReference; lastKnownFileType = file.usdz; name = teapot.usdz; path = "../../../../../Image Resources/ARKit/teapot.usdz"; sourceTree = "<group>"; };
		41E1A516284EF1FC00F0A804 /* toy_biplane.usdz */ = {isa = PBXFileReference; lastKnownFileType = file.usdz; name = toy_biplane.usdz; path = "../../../../../Image Resources/ARKit/toy_biplane.usdz"; sourceTree = "<group>"; };
		41E1A517284EF1FC00F0A804 /* toy_robot_vintage.usdz */ = {isa = PBXFileReference; lastKnownFileType = file.usdz; name = toy_robot_vintage.usdz; path = "../../../../../Image Resources/ARKit/toy_robot_vintage.usdz"; sourceTree = "<group>"; };
		41E1A518284EF1FC00F0A804 /* toy_drummer.usdz */ = {isa = PBXFileReference; lastKnownFileType = file.usdz; name = toy_drummer.usdz; path = "../../../../../Image Resources/ARKit/toy_drummer.usdz"; sourceTree = "<group>"; };
		41E1A519284EF1FC00F0A804 /* tv_retro.usdz */ = {isa = PBXFileReference; lastKnownFileType = file.usdz; name = tv_retro.usdz; path = "../../../../../Image Resources/ARKit/tv_retro.usdz"; sourceTree = "<group>"; };
		41E1A51A284EF1FC00F0A804 /* wateringcan.usdz */ = {isa = PBXFileReference; lastKnownFileType = file.usdz; name = wateringcan.usdz; path = "../../../../../Image Resources/ARKit/wateringcan.usdz"; sourceTree = "<group>"; };
		41E1A51B284EF1FC00F0A804 /* gramophone.usdz */ = {isa = PBXFileReference; lastKnownFileType = file.usdz; name = gramophone.usdz; path = "../../../../../Image Resources/ARKit/gramophone.usdz"; sourceTree = "<group>"; };
		41E1A51C284EF1FC00F0A804 /* fender_stratocaster.usdz */ = {isa = PBXFileReference; lastKnownFileType = file.usdz; name = fender_stratocaster.usdz; path = "../../../../../Image Resources/ARKit/fender_stratocaster.usdz"; sourceTree = "<group>"; };
		41E1A51D284EF1FC00F0A804 /* chair_swan.usdz */ = {isa = PBXFileReference; lastKnownFileType = file.usdz; name = chair_swan.usdz; path = "../../../../../Image Resources/ARKit/chair_swan.usdz"; sourceTree = "<group>"; };
		41E1A51E284EF1FC00F0A804 /* cup_saucer_set.usdz */ = {isa = PBXFileReference; lastKnownFileType = file.usdz; name = cup_saucer_set.usdz; path = "../../../../../Image Resources/ARKit/cup_saucer_set.usdz"; sourceTree = "<group>"; };
		41E1A52A284EF3F500F0A804 /* SettingsView.swift */ = {isa = PBXFileReference; lastKnownFileType = sourcecode.swift; path = SettingsView.swift; sourceTree = "<group>"; };
		41E1A52C284EF40100F0A804 /* SettingsToggleButton.swift */ = {isa = PBXFileReference; lastKnownFileType = sourcecode.swift; path = SettingsToggleButton.swift; sourceTree = "<group>"; };
		41E1A52E284EF40A00F0A804 /* SettingsGridView.swift */ = {isa = PBXFileReference; lastKnownFileType = sourcecode.swift; path = SettingsGridView.swift; sourceTree = "<group>"; };
		41E1A530284EF58C00F0A804 /* BrowseView.swift */ = {isa = PBXFileReference; lastKnownFileType = sourcecode.swift; path = BrowseView.swift; sourceTree = "<group>"; };
		41E1A532284EF59700F0A804 /* HorizontalGridView.swift */ = {isa = PBXFileReference; lastKnownFileType = sourcecode.swift; path = HorizontalGridView.swift; sourceTree = "<group>"; };
		41E1A534284EF59E00F0A804 /* ItemButtonView.swift */ = {isa = PBXFileReference; lastKnownFileType = sourcecode.swift; path = ItemButtonView.swift; sourceTree = "<group>"; };
		41E1A536284EF5B700F0A804 /* ModelsGridView.swift */ = {isa = PBXFileReference; lastKnownFileType = sourcecode.swift; path = ModelsGridView.swift; sourceTree = "<group>"; };
		41E1A538284EF5D000F0A804 /* SeparatorView.swift */ = {isa = PBXFileReference; lastKnownFileType = sourcecode.swift; path = SeparatorView.swift; sourceTree = "<group>"; };
		41E1A53A284EF5E500F0A804 /* ControlView.swift */ = {isa = PBXFileReference; lastKnownFileType = sourcecode.swift; path = ControlView.swift; sourceTree = "<group>"; };
		41E1A53C284EF5F100F0A804 /* ControlVisibilityToggleView.swift */ = {isa = PBXFileReference; lastKnownFileType = sourcecode.swift; path = ControlVisibilityToggleView.swift; sourceTree = "<group>"; };
		41E1A53E284EF5FB00F0A804 /* ControlButtonView.swift */ = {isa = PBXFileReference; lastKnownFileType = sourcecode.swift; path = ControlButtonView.swift; sourceTree = "<group>"; };
		41E1A540284EF60100F0A804 /* ControlButtonBar.swift */ = {isa = PBXFileReference; lastKnownFileType = sourcecode.swift; path = ControlButtonBar.swift; sourceTree = "<group>"; };
		41E1A542284EF61900F0A804 /* RecentlyPlacedView.swift */ = {isa = PBXFileReference; lastKnownFileType = sourcecode.swift; path = RecentlyPlacedView.swift; sourceTree = "<group>"; };
		41E1A544284EF62600F0A804 /* RecentsGridView.swift */ = {isa = PBXFileReference; lastKnownFileType = sourcecode.swift; path = RecentsGridView.swift; sourceTree = "<group>"; };
		41E1A54C284F353100F0A804 /* scientific_whiteboard.usdz */ = {isa = PBXFileReference; lastKnownFileType = file.usdz; name = scientific_whiteboard.usdz; path = "../../../../../Image Resources/ARKit/scientific_whiteboard.usdz"; sourceTree = "<group>"; };
/* End PBXFileReference section */

/* Begin PBXFrameworksBuildPhase section */
		41E1A4E2284E8D1700F0A804 /* Frameworks */ = {
			isa = PBXFrameworksBuildPhase;
			buildActionMask = 2147483647;
			files = (
				41E1A506284E935500F0A804 /* FocusEntity in Frameworks */,
			);
			runOnlyForDeploymentPostprocessing = 0;
		};
/* End PBXFrameworksBuildPhase section */

/* Begin PBXGroup section */
		41E1A4DC284E8D1700F0A804 = {
			isa = PBXGroup;
			children = (
				41E1A4E7284E8D1700F0A804 /* RealityHD */,
				41E1A4E6284E8D1700F0A804 /* Products */,
			);
			sourceTree = "<group>";
		};
		41E1A4E6284E8D1700F0A804 /* Products */ = {
			isa = PBXGroup;
			children = (
				41E1A4E5284E8D1700F0A804 /* RealityHD.app */,
			);
			name = Products;
			sourceTree = "<group>";
		};
		41E1A4E7284E8D1700F0A804 /* RealityHD */ = {
			isa = PBXGroup;
			children = (
				41E1A4EC284E8D1900F0A804 /* Assets.xcassets */,
				41E1A4E8284E8D1700F0A804 /* RealityHDApp.swift */,
				41E1A4EA284E8D1700F0A804 /* ContentView.swift */,
				41E1A4F7284E8D4400F0A804 /* Views */,
				41E1A4FA284E8D7E00F0A804 /* 3D Assets */,
				41E1A4F9284E8D6200F0A804 /* Models */,
				41E1A4F8284E8D4D00F0A804 /* Managers */,
				41E1A4F6284E8D2900F0A804 /* Extensions */,
				41E1A4EE284E8D1900F0A804 /* Preview Content */,
			);
			path = RealityHD;
			sourceTree = "<group>";
		};
		41E1A4EE284E8D1900F0A804 /* Preview Content */ = {
			isa = PBXGroup;
			children = (
				41E1A4EF284E8D1900F0A804 /* Preview Assets.xcassets */,
			);
			path = "Preview Content";
			sourceTree = "<group>";
		};
		41E1A4F6284E8D2900F0A804 /* Extensions */ = {
			isa = PBXGroup;
			children = (
				41E1A50F284E997400F0A804 /* ViewExtension.swift */,
			);
			path = Extensions;
			sourceTree = "<group>";
		};
		41E1A4F7284E8D4400F0A804 /* Views */ = {
			isa = PBXGroup;
			children = (
				41E1A4FE284E914100F0A804 /* UIKit */,
				41E1A4FB284E910600F0A804 /* BrowseViews */,
				41E1A4FC284E911900F0A804 /* ControlViews */,
				41E1A4FD284E912500F0A804 /* SettingsViews */,
				41E1A500284E917300F0A804 /* PlacementView.swift */,
			);
			path = Views;
			sourceTree = "<group>";
		};
		41E1A4F8284E8D4D00F0A804 /* Managers */ = {
			isa = PBXGroup;
			children = (
				41E1A507284E941200F0A804 /* PlacementSettings.swift */,
				41E1A509284E941D00F0A804 /* SessionSettings.swift */,
			);
			path = Managers;
			sourceTree = "<group>";
		};
		41E1A4F9284E8D6200F0A804 /* Models */ = {
			isa = PBXGroup;
			children = (
				41E1A50B284E942C00F0A804 /* ARModel.swift */,
				41E1A50D284E943300F0A804 /* SettingsModel.swift */,
			);
			path = Models;
			sourceTree = "<group>";
		};
		41E1A4FA284E8D7E00F0A804 /* 3D Assets */ = {
			isa = PBXGroup;
			children = (
				41E1A54C284F353100F0A804 /* scientific_whiteboard.usdz */,
				41E1A51D284EF1FC00F0A804 /* chair_swan.usdz */,
				41E1A51E284EF1FC00F0A804 /* cup_saucer_set.usdz */,
				41E1A51C284EF1FC00F0A804 /* fender_stratocaster.usdz */,
				41E1A51B284EF1FC00F0A804 /* gramophone.usdz */,
				41E1A515284EF1FC00F0A804 /* teapot.usdz */,
				41E1A516284EF1FC00F0A804 /* toy_biplane.usdz */,
				41E1A514284EF1FC00F0A804 /* toy_car.usdz */,
				41E1A518284EF1FC00F0A804 /* toy_drummer.usdz */,
				41E1A517284EF1FC00F0A804 /* toy_robot_vintage.usdz */,
				41E1A519284EF1FC00F0A804 /* tv_retro.usdz */,
				41E1A51A284EF1FC00F0A804 /* wateringcan.usdz */,
			);
			path = "3D Assets";
			sourceTree = "<group>";
		};
		41E1A4FB284E910600F0A804 /* BrowseViews */ = {
			isa = PBXGroup;
			children = (
				41E1A530284EF58C00F0A804 /* BrowseView.swift */,
				41E1A532284EF59700F0A804 /* HorizontalGridView.swift */,
				41E1A534284EF59E00F0A804 /* ItemButtonView.swift */,
				41E1A536284EF5B700F0A804 /* ModelsGridView.swift */,
				41E1A538284EF5D000F0A804 /* SeparatorView.swift */,
			);
			path = BrowseViews;
			sourceTree = "<group>";
		};
		41E1A4FC284E911900F0A804 /* ControlViews */ = {
			isa = PBXGroup;
			children = (
				41E1A53A284EF5E500F0A804 /* ControlView.swift */,
				41E1A53C284EF5F100F0A804 /* ControlVisibilityToggleView.swift */,
				41E1A53E284EF5FB00F0A804 /* ControlButtonView.swift */,
				41E1A540284EF60100F0A804 /* ControlButtonBar.swift */,
				41E1A542284EF61900F0A804 /* RecentlyPlacedView.swift */,
				41E1A544284EF62600F0A804 /* RecentsGridView.swift */,
			);
			path = ControlViews;
			sourceTree = "<group>";
		};
		41E1A4FD284E912500F0A804 /* SettingsViews */ = {
			isa = PBXGroup;
			children = (
				41E1A52A284EF3F500F0A804 /* SettingsView.swift */,
				41E1A52C284EF40100F0A804 /* SettingsToggleButton.swift */,
				41E1A52E284EF40A00F0A804 /* SettingsGridView.swift */,
			);
			path = SettingsViews;
			sourceTree = "<group>";
		};
		41E1A4FE284E914100F0A804 /* UIKit */ = {
			isa = PBXGroup;
			children = (
				41E1A511284E9A0800F0A804 /* ARViewRepresentable.swift */,
				41E1A502284E92D600F0A804 /* CustomARView.swift */,
			);
			path = UIKit;
			sourceTree = "<group>";
		};
/* End PBXGroup section */

/* Begin PBXNativeTarget section */
		41E1A4E4284E8D1700F0A804 /* RealityHD */ = {
			isa = PBXNativeTarget;
			buildConfigurationList = 41E1A4F3284E8D1900F0A804 /* Build configuration list for PBXNativeTarget "RealityHD" */;
			buildPhases = (
				41E1A4E1284E8D1700F0A804 /* Sources */,
				41E1A4E2284E8D1700F0A804 /* Frameworks */,
				41E1A4E3284E8D1700F0A804 /* Resources */,
			);
			buildRules = (
			);
			dependencies = (
			);
			name = RealityHD;
			packageProductDependencies = (
				41E1A505284E935500F0A804 /* FocusEntity */,
			);
			productName = RealityHD;
			productReference = 41E1A4E5284E8D1700F0A804 /* RealityHD.app */;
			productType = "com.apple.product-type.application";
		};
/* End PBXNativeTarget section */

/* Begin PBXProject section */
		41E1A4DD284E8D1700F0A804 /* Project object */ = {
			isa = PBXProject;
			attributes = {
				BuildIndependentTargetsInParallel = 1;
				LastSwiftUpdateCheck = 1340;
				LastUpgradeCheck = 1340;
				TargetAttributes = {
					41E1A4E4284E8D1700F0A804 = {
						CreatedOnToolsVersion = 13.4;
					};
				};
			};
			buildConfigurationList = 41E1A4E0284E8D1700F0A804 /* Build configuration list for PBXProject "RealityHD" */;
			compatibilityVersion = "Xcode 13.0";
			developmentRegion = en;
			hasScannedForEncodings = 0;
			knownRegions = (
				en,
				Base,
			);
			mainGroup = 41E1A4DC284E8D1700F0A804;
			packageReferences = (
				41E1A504284E935500F0A804 /* XCRemoteSwiftPackageReference "FocusEntity" */,
			);
			productRefGroup = 41E1A4E6284E8D1700F0A804 /* Products */;
			projectDirPath = "";
			projectRoot = "";
			targets = (
				41E1A4E4284E8D1700F0A804 /* RealityHD */,
			);
		};
/* End PBXProject section */

/* Begin PBXResourcesBuildPhase section */
		41E1A4E3284E8D1700F0A804 /* Resources */ = {
			isa = PBXResourcesBuildPhase;
			buildActionMask = 2147483647;
			files = (
				41E1A529284EF1FC00F0A804 /* cup_saucer_set.usdz in Resources */,
				41E1A527284EF1FC00F0A804 /* fender_stratocaster.usdz in Resources */,
				41E1A520284EF1FC00F0A804 /* teapot.usdz in Resources */,
				41E1A521284EF1FC00F0A804 /* toy_biplane.usdz in Resources */,
				41E1A523284EF1FC00F0A804 /* toy_drummer.usdz in Resources */,
				41E1A522284EF1FC00F0A804 /* toy_robot_vintage.usdz in Resources */,
				41E1A4F0284E8D1900F0A804 /* Preview Assets.xcassets in Resources */,
				41E1A528284EF1FC00F0A804 /* chair_swan.usdz in Resources */,
				41E1A4ED284E8D1900F0A804 /* Assets.xcassets in Resources */,
				41E1A525284EF1FC00F0A804 /* wateringcan.usdz in Resources */,
				41E1A524284EF1FC00F0A804 /* tv_retro.usdz in Resources */,
				41E1A51F284EF1FC00F0A804 /* toy_car.usdz in Resources */,
				41E1A526284EF1FC00F0A804 /* gramophone.usdz in Resources */,
				41E1A54D284F353100F0A804 /* scientific_whiteboard.usdz in Resources */,
			);
			runOnlyForDeploymentPostprocessing = 0;
		};
/* End PBXResourcesBuildPhase section */

/* Begin PBXSourcesBuildPhase section */
		41E1A4E1284E8D1700F0A804 /* Sources */ = {
			isa = PBXSourcesBuildPhase;
			buildActionMask = 2147483647;
			files = (
				41E1A539284EF5D000F0A804 /* SeparatorView.swift in Sources */,
				41E1A53B284EF5E500F0A804 /* ControlView.swift in Sources */,
				41E1A537284EF5B700F0A804 /* ModelsGridView.swift in Sources */,
				41E1A541284EF60100F0A804 /* ControlButtonBar.swift in Sources */,
				41E1A510284E997400F0A804 /* ViewExtension.swift in Sources */,
				41E1A50E284E943300F0A804 /* SettingsModel.swift in Sources */,
				41E1A531284EF58C00F0A804 /* BrowseView.swift in Sources */,
				41E1A512284E9A0800F0A804 /* ARViewRepresentable.swift in Sources */,
				41E1A543284EF61900F0A804 /* RecentlyPlacedView.swift in Sources */,
				41E1A4EB284E8D1700F0A804 /* ContentView.swift in Sources */,
				41E1A535284EF59E00F0A804 /* ItemButtonView.swift in Sources */,
				41E1A4E9284E8D1700F0A804 /* RealityHDApp.swift in Sources */,
				41E1A503284E92D600F0A804 /* CustomARView.swift in Sources */,
				41E1A545284EF62600F0A804 /* RecentsGridView.swift in Sources */,
				41E1A53F284EF5FB00F0A804 /* ControlButtonView.swift in Sources */,
				41E1A533284EF59700F0A804 /* HorizontalGridView.swift in Sources */,
				41E1A52F284EF40A00F0A804 /* SettingsGridView.swift in Sources */,
				41E1A501284E917300F0A804 /* PlacementView.swift in Sources */,
				41E1A53D284EF5F100F0A804 /* ControlVisibilityToggleView.swift in Sources */,
				41E1A508284E941200F0A804 /* PlacementSettings.swift in Sources */,
				41E1A52D284EF40100F0A804 /* SettingsToggleButton.swift in Sources */,
				41E1A50C284E942C00F0A804 /* ARModel.swift in Sources */,
				41E1A50A284E941D00F0A804 /* SessionSettings.swift in Sources */,
				41E1A52B284EF3F500F0A804 /* SettingsView.swift in Sources */,
			);
			runOnlyForDeploymentPostprocessing = 0;
		};
/* End PBXSourcesBuildPhase section */

/* Begin XCBuildConfiguration section */
		41E1A4F1284E8D1900F0A804 /* Debug */ = {
			isa = XCBuildConfiguration;
			buildSettings = {
				ALWAYS_SEARCH_USER_PATHS = NO;
				CLANG_ANALYZER_NONNULL = YES;
				CLANG_ANALYZER_NUMBER_OBJECT_CONVERSION = YES_AGGRESSIVE;
				CLANG_CXX_LANGUAGE_STANDARD = "gnu++17";
				CLANG_ENABLE_MODULES = YES;
				CLANG_ENABLE_OBJC_ARC = YES;
				CLANG_ENABLE_OBJC_WEAK = YES;
				CLANG_WARN_BLOCK_CAPTURE_AUTORELEASING = YES;
				CLANG_WARN_BOOL_CONVERSION = YES;
				CLANG_WARN_COMMA = YES;
				CLANG_WARN_CONSTANT_CONVERSION = YES;
				CLANG_WARN_DEPRECATED_OBJC_IMPLEMENTATIONS = YES;
				CLANG_WARN_DIRECT_OBJC_ISA_USAGE = YES_ERROR;
				CLANG_WARN_DOCUMENTATION_COMMENTS = YES;
				CLANG_WARN_EMPTY_BODY = YES;
				CLANG_WARN_ENUM_CONVERSION = YES;
				CLANG_WARN_INFINITE_RECURSION = YES;
				CLANG_WARN_INT_CONVERSION = YES;
				CLANG_WARN_NON_LITERAL_NULL_CONVERSION = YES;
				CLANG_WARN_OBJC_IMPLICIT_RETAIN_SELF = YES;
				CLANG_WARN_OBJC_LITERAL_CONVERSION = YES;
				CLANG_WARN_OBJC_ROOT_CLASS = YES_ERROR;
				CLANG_WARN_QUOTED_INCLUDE_IN_FRAMEWORK_HEADER = YES;
				CLANG_WARN_RANGE_LOOP_ANALYSIS = YES;
				CLANG_WARN_STRICT_PROTOTYPES = YES;
				CLANG_WARN_SUSPICIOUS_MOVE = YES;
				CLANG_WARN_UNGUARDED_AVAILABILITY = YES_AGGRESSIVE;
				CLANG_WARN_UNREACHABLE_CODE = YES;
				CLANG_WARN__DUPLICATE_METHOD_MATCH = YES;
				COPY_PHASE_STRIP = NO;
				DEBUG_INFORMATION_FORMAT = dwarf;
				ENABLE_STRICT_OBJC_MSGSEND = YES;
				ENABLE_TESTABILITY = YES;
				GCC_C_LANGUAGE_STANDARD = gnu11;
				GCC_DYNAMIC_NO_PIC = NO;
				GCC_NO_COMMON_BLOCKS = YES;
				GCC_OPTIMIZATION_LEVEL = 0;
				GCC_PREPROCESSOR_DEFINITIONS = (
					"DEBUG=1",
					"$(inherited)",
				);
				GCC_WARN_64_TO_32_BIT_CONVERSION = YES;
				GCC_WARN_ABOUT_RETURN_TYPE = YES_ERROR;
				GCC_WARN_UNDECLARED_SELECTOR = YES;
				GCC_WARN_UNINITIALIZED_AUTOS = YES_AGGRESSIVE;
				GCC_WARN_UNUSED_FUNCTION = YES;
				GCC_WARN_UNUSED_VARIABLE = YES;
				IPHONEOS_DEPLOYMENT_TARGET = 15.0;
				MTL_ENABLE_DEBUG_INFO = INCLUDE_SOURCE;
				MTL_FAST_MATH = YES;
				ONLY_ACTIVE_ARCH = YES;
				SDKROOT = iphoneos;
				SWIFT_ACTIVE_COMPILATION_CONDITIONS = DEBUG;
				SWIFT_OPTIMIZATION_LEVEL = "-Onone";
			};
			name = Debug;
		};
		41E1A4F2284E8D1900F0A804 /* Release */ = {
			isa = XCBuildConfiguration;
			buildSettings = {
				ALWAYS_SEARCH_USER_PATHS = NO;
				CLANG_ANALYZER_NONNULL = YES;
				CLANG_ANALYZER_NUMBER_OBJECT_CONVERSION = YES_AGGRESSIVE;
				CLANG_CXX_LANGUAGE_STANDARD = "gnu++17";
				CLANG_ENABLE_MODULES = YES;
				CLANG_ENABLE_OBJC_ARC = YES;
				CLANG_ENABLE_OBJC_WEAK = YES;
				CLANG_WARN_BLOCK_CAPTURE_AUTORELEASING = YES;
				CLANG_WARN_BOOL_CONVERSION = YES;
				CLANG_WARN_COMMA = YES;
				CLANG_WARN_CONSTANT_CONVERSION = YES;
				CLANG_WARN_DEPRECATED_OBJC_IMPLEMENTATIONS = YES;
				CLANG_WARN_DIRECT_OBJC_ISA_USAGE = YES_ERROR;
				CLANG_WARN_DOCUMENTATION_COMMENTS = YES;
				CLANG_WARN_EMPTY_BODY = YES;
				CLANG_WARN_ENUM_CONVERSION = YES;
				CLANG_WARN_INFINITE_RECURSION = YES;
				CLANG_WARN_INT_CONVERSION = YES;
				CLANG_WARN_NON_LITERAL_NULL_CONVERSION = YES;
				CLANG_WARN_OBJC_IMPLICIT_RETAIN_SELF = YES;
				CLANG_WARN_OBJC_LITERAL_CONVERSION = YES;
				CLANG_WARN_OBJC_ROOT_CLASS = YES_ERROR;
				CLANG_WARN_QUOTED_INCLUDE_IN_FRAMEWORK_HEADER = YES;
				CLANG_WARN_RANGE_LOOP_ANALYSIS = YES;
				CLANG_WARN_STRICT_PROTOTYPES = YES;
				CLANG_WARN_SUSPICIOUS_MOVE = YES;
				CLANG_WARN_UNGUARDED_AVAILABILITY = YES_AGGRESSIVE;
				CLANG_WARN_UNREACHABLE_CODE = YES;
				CLANG_WARN__DUPLICATE_METHOD_MATCH = YES;
				COPY_PHASE_STRIP = NO;
				DEBUG_INFORMATION_FORMAT = "dwarf-with-dsym";
				ENABLE_NS_ASSERTIONS = NO;
				ENABLE_STRICT_OBJC_MSGSEND = YES;
				GCC_C_LANGUAGE_STANDARD = gnu11;
				GCC_NO_COMMON_BLOCKS = YES;
				GCC_WARN_64_TO_32_BIT_CONVERSION = YES;
				GCC_WARN_ABOUT_RETURN_TYPE = YES_ERROR;
				GCC_WARN_UNDECLARED_SELECTOR = YES;
				GCC_WARN_UNINITIALIZED_AUTOS = YES_AGGRESSIVE;
				GCC_WARN_UNUSED_FUNCTION = YES;
				GCC_WARN_UNUSED_VARIABLE = YES;
				IPHONEOS_DEPLOYMENT_TARGET = 15.0;
				MTL_ENABLE_DEBUG_INFO = NO;
				MTL_FAST_MATH = YES;
				SDKROOT = iphoneos;
				SWIFT_COMPILATION_MODE = wholemodule;
				SWIFT_OPTIMIZATION_LEVEL = "-O";
				VALIDATE_PRODUCT = YES;
			};
			name = Release;
		};
		41E1A4F4284E8D1900F0A804 /* Debug */ = {
			isa = XCBuildConfiguration;
			buildSettings = {
				ASSETCATALOG_COMPILER_APPICON_NAME = AppIcon;
				ASSETCATALOG_COMPILER_GLOBAL_ACCENT_COLOR_NAME = AccentColor;
				CODE_SIGN_STYLE = Automatic;
				CURRENT_PROJECT_VERSION = 1;
				DEVELOPMENT_ASSET_PATHS = "\"RealityHD/Preview Content\"";
				DEVELOPMENT_TEAM = Z9NXKK53HS;
				ENABLE_PREVIEWS = YES;
				GENERATE_INFOPLIST_FILE = YES;
				INFOPLIST_KEY_NSCameraUsageDescription = "We use your camera to show augmented images to you.";
				INFOPLIST_KEY_UIApplicationSceneManifest_Generation = YES;
				INFOPLIST_KEY_UIApplicationSupportsIndirectInputEvents = YES;
				INFOPLIST_KEY_UILaunchScreen_Generation = YES;
				INFOPLIST_KEY_UISupportedInterfaceOrientations_iPad = "UIInterfaceOrientationPortrait UIInterfaceOrientationPortraitUpsideDown UIInterfaceOrientationLandscapeLeft UIInterfaceOrientationLandscapeRight";
				INFOPLIST_KEY_UISupportedInterfaceOrientations_iPhone = "UIInterfaceOrientationPortrait UIInterfaceOrientationLandscapeLeft UIInterfaceOrientationLandscapeRight";
				IPHONEOS_DEPLOYMENT_TARGET = 15.0;
				LD_RUNPATH_SEARCH_PATHS = (
					"$(inherited)",
					"@executable_path/Frameworks",
				);
				MARKETING_VERSION = 1.0;
				PRODUCT_BUNDLE_IDENTIFIER = com.hunterdowney.RealityHD;
				PRODUCT_NAME = "$(TARGET_NAME)";
				SWIFT_EMIT_LOC_STRINGS = YES;
				SWIFT_VERSION = 5.0;
				TARGETED_DEVICE_FAMILY = "1,2";
			};
			name = Debug;
		};
		41E1A4F5284E8D1900F0A804 /* Release */ = {
			isa = XCBuildConfiguration;
			buildSettings = {
				ASSETCATALOG_COMPILER_APPICON_NAME = AppIcon;
				ASSETCATALOG_COMPILER_GLOBAL_ACCENT_COLOR_NAME = AccentColor;
				CODE_SIGN_STYLE = Automatic;
				CURRENT_PROJECT_VERSION = 1;
				DEVELOPMENT_ASSET_PATHS = "\"RealityHD/Preview Content\"";
				DEVELOPMENT_TEAM = Z9NXKK53HS;
				ENABLE_PREVIEWS = YES;
				GENERATE_INFOPLIST_FILE = YES;
				INFOPLIST_KEY_NSCameraUsageDescription = "We use your camera to show augmented images to you.";
				INFOPLIST_KEY_UIApplicationSceneManifest_Generation = YES;
				INFOPLIST_KEY_UIApplicationSupportsIndirectInputEvents = YES;
				INFOPLIST_KEY_UILaunchScreen_Generation = YES;
				INFOPLIST_KEY_UISupportedInterfaceOrientations_iPad = "UIInterfaceOrientationPortrait UIInterfaceOrientationPortraitUpsideDown UIInterfaceOrientationLandscapeLeft UIInterfaceOrientationLandscapeRight";
				INFOPLIST_KEY_UISupportedInterfaceOrientations_iPhone = "UIInterfaceOrientationPortrait UIInterfaceOrientationLandscapeLeft UIInterfaceOrientationLandscapeRight";
				IPHONEOS_DEPLOYMENT_TARGET = 15.0;
				LD_RUNPATH_SEARCH_PATHS = (
					"$(inherited)",
					"@executable_path/Frameworks",
				);
				MARKETING_VERSION = 1.0;
				PRODUCT_BUNDLE_IDENTIFIER = com.hunterdowney.RealityHD;
				PRODUCT_NAME = "$(TARGET_NAME)";
				SWIFT_EMIT_LOC_STRINGS = YES;
				SWIFT_VERSION = 5.0;
				TARGETED_DEVICE_FAMILY = "1,2";
			};
			name = Release;
		};
/* End XCBuildConfiguration section */

/* Begin XCConfigurationList section */
		41E1A4E0284E8D1700F0A804 /* Build configuration list for PBXProject "RealityHD" */ = {
			isa = XCConfigurationList;
			buildConfigurations = (
				41E1A4F1284E8D1900F0A804 /* Debug */,
				41E1A4F2284E8D1900F0A804 /* Release */,
			);
			defaultConfigurationIsVisible = 0;
			defaultConfigurationName = Release;
		};
		41E1A4F3284E8D1900F0A804 /* Build configuration list for PBXNativeTarget "RealityHD" */ = {
			isa = XCConfigurationList;
			buildConfigurations = (
				41E1A4F4284E8D1900F0A804 /* Debug */,
				41E1A4F5284E8D1900F0A804 /* Release */,
			);
			defaultConfigurationIsVisible = 0;
			defaultConfigurationName = Release;
		};
/* End XCConfigurationList section */

/* Begin XCRemoteSwiftPackageReference section */
		41E1A504284E935500F0A804 /* XCRemoteSwiftPackageReference "FocusEntity" */ = {
			isa = XCRemoteSwiftPackageReference;
			repositoryURL = "https://github.com/maxxfrazer/FocusEntity";
			requirement = {
				kind = upToNextMajorVersion;
				minimumVersion = 2.0.0;
			};
		};
/* End XCRemoteSwiftPackageReference section */

/* Begin XCSwiftPackageProductDependency section */
		41E1A505284E935500F0A804 /* FocusEntity */ = {
			isa = XCSwiftPackageProductDependency;
			package = 41E1A504284E935500F0A804 /* XCRemoteSwiftPackageReference "FocusEntity" */;
			productName = FocusEntity;
		};
/* End XCSwiftPackageProductDependency section */
	};
	rootObject = 41E1A4DD284E8D1700F0A804 /* Project object */;
}
